{
  "version": 4,
  "terraform_version": "1.1.3",
  "serial": 1,
  "lineage": "07fb1e11-f2b6-0c06-0f11-c853be751f10",
  "outputs": {},
  "resources": [
    {
      "mode": "data",
      "type": "azurerm_billing_mca_account_scope",
      "name": "demo",
      "provider": "provider[\"registry.terraform.io/hashicorp/azurerm\"]",
      "instances": [
        {
          "schema_version": 0,
          "attributes": {
            "billing_account_name": "befc4b63-49ac-5992-2899-ca33ac73007a:90e38d92-7e19-4bde-93d1-8f7ee864c633_2019-05-31",
            "billing_profile_name": "XW7H-M33C-BG7-PGB",
            "id": "/providers/Microsoft.Billing/billingAccounts/befc4b63-49ac-5992-2899-ca33ac73007a:90e38d92-7e19-4bde-93d1-8f7ee864c633_2019-05-31/billingProfiles/XW7H-M33C-BG7-PGB/invoiceSections/2PKZ-GPES-PJA-PGB",
            "invoice_section_name": "2PKZ-GPES-PJA-PGB",
            "timeouts": null
          },
          "sensitive_attributes": []
        }
      ]
    },
    {
      "mode": "managed",
      "type": "azurerm_subscription",
      "name": "demo_sub",
      "provider": "provider[\"registry.terraform.io/hashicorp/azurerm\"]",
      "instances": [
        {
          "schema_version": 0,
          "attributes": {
            "alias": "44c83b34-3da2-4e62-bc78-0370dc8f4ff1",
            "billing_scope_id": "/providers/Microsoft.Billing/billingAccounts/befc4b63-49ac-5992-2899-ca33ac73007a:90e38d92-7e19-4bde-93d1-8f7ee864c633_2019-05-31/billingProfiles/XW7H-M33C-BG7-PGB/invoiceSections/2PKZ-GPES-PJA-PGB",
            "id": "/providers/Microsoft.Subscription/aliases/44c83b34-3da2-4e62-bc78-0370dc8f4ff1",
            "subscription_id": "8e01abbd-f1b7-4fb3-b301-4eda48bc5bf6",
            "subscription_name": "ptdemo subscription",
            "tags": null,
            "tenant_id": "ef94f8ac-89f1-47fd-8b0c-38b9305e218c",
            "timeouts": null,
            "workload": null
          },
          "sensitive_attributes": [],
          "private": "eyJlMmJmYjczMC1lY2FhLTExZTYtOGY4OC0zNDM2M2JjN2M0YzAiOnsiY3JlYXRlIjoxODAwMDAwMDAwMDAwLCJkZWxldGUiOjE4MDAwMDAwMDAwMDAsInJlYWQiOjMwMDAwMDAwMDAwMCwidXBkYXRlIjoxODAwMDAwMDAwMDAwfX0=",
          "dependencies": [
            "data.azurerm_billing_mca_account_scope.demo"
          ]
        }
      ]
    }
  ]
}
