{
  "version": 4,
  "terraform_version": "1.1.3",
  "serial": 3,
  "lineage": "00540da1-4f18-4575-132e-56ef69348ecc",
  "outputs": {},
  "resources": [
    {
      "mode": "data",
      "type": "azurerm_billing_mca_account_scope",
      "name": "demo",
      "provider": "provider[\"registry.terraform.io/hashicorp/azurerm\"]",
      "instances": [
        {
          "schema_version": 0,
          "attributes": {
            "billing_account_name": "befc4b63-49ac-5992-2899-ca33ac73007a:90e38d92-7e19-4bde-93d1-8f7ee864c633_2019-05-31",
            "billing_profile_name": "XW7H-M33C-BG7-PGB",
            "id": "/providers/Microsoft.Billing/billingAccounts/befc4b63-49ac-5992-2899-ca33ac73007a:90e38d92-7e19-4bde-93d1-8f7ee864c633_2019-05-31/billingProfiles/XW7H-M33C-BG7-PGB/invoiceSections/2PKZ-GPES-PJA-PGB",
            "invoice_section_name": "2PKZ-GPES-PJA-PGB",
            "timeouts": null
          },
          "sensitive_attributes": []
        }
      ]
    },
    {
      "mode": "managed",
      "type": "azurerm_subscription",
      "name": "demo_sub",
      "provider": "provider[\"registry.terraform.io/hashicorp/azurerm\"]",
      "instances": [
        {
          "schema_version": 0,
          "attributes": {
            "alias": "bdd458c4-1b31-4005-afda-46a14d2a89a4",
            "billing_scope_id": "/providers/Microsoft.Billing/billingAccounts/befc4b63-49ac-5992-2899-ca33ac73007a:90e38d92-7e19-4bde-93d1-8f7ee864c633_2019-05-31/billingProfiles/XW7H-M33C-BG7-PGB/invoiceSections/2PKZ-GPES-PJA-PGB",
            "id": "/providers/Microsoft.Subscription/aliases/bdd458c4-1b31-4005-afda-46a14d2a89a4",
            "subscription_id": "a0906c57-c808-48a1-94f0-45acb3f925be",
            "subscription_name": "ptdemo subscription",
            "tags": {},
            "tenant_id": "ef94f8ac-89f1-47fd-8b0c-38b9305e218c",
            "timeouts": null,
            "workload": null
          },
          "sensitive_attributes": [],
          "private": "eyJlMmJmYjczMC1lY2FhLTExZTYtOGY4OC0zNDM2M2JjN2M0YzAiOnsiY3JlYXRlIjoxODAwMDAwMDAwMDAwLCJkZWxldGUiOjE4MDAwMDAwMDAwMDAsInJlYWQiOjMwMDAwMDAwMDAwMCwidXBkYXRlIjoxODAwMDAwMDAwMDAwfX0=",
          "dependencies": [
            "data.azurerm_billing_mca_account_scope.demo"
          ]
        }
      ]
    }
  ]
}
